// !$*UTF8*$!
{
	archiveVersion = 1;
	classes = {
	};
	objectVersion = 50;
	objects = {

/* Begin PBXBuildFile section */
		5AA32B0B263647DC00EB9C93 /* CreateTaskViewController.swift in Sources */ = {isa = PBXBuildFile; fileRef = 5AA32B0A263647DC00EB9C93 /* CreateTaskViewController.swift */; };
		5AA32B22263694E500EB9C93 /* CategoriesTableViewController.swift in Sources */ = {isa = PBXBuildFile; fileRef = 5AA32B21263694E500EB9C93 /* CategoriesTableViewController.swift */; };
		5AA32B282636960500EB9C93 /* CategoryRepository.swift in Sources */ = {isa = PBXBuildFile; fileRef = 5AA32B272636960500EB9C93 /* CategoryRepository.swift */; };
		5AA32B2D2636A0E300EB9C93 /* TaskRepository.swift in Sources */ = {isa = PBXBuildFile; fileRef = 5AA32B2C2636A0E300EB9C93 /* TaskRepository.swift */; };
		5AB24EE22630DF0A0046B00D /* TasksTableViewController.swift in Sources */ = {isa = PBXBuildFile; fileRef = 5AB24EE02630DF0A0046B00D /* TasksTableViewController.swift */; };
		5AB24EEF2630FAF60046B00D /* Task.swift in Sources */ = {isa = PBXBuildFile; fileRef = 5AB24EEE2630FAF60046B00D /* Task.swift */; };
		5AB24EF42630FBB70046B00D /* Category.swift in Sources */ = {isa = PBXBuildFile; fileRef = 5AB24EF32630FBB70046B00D /* Category.swift */; };
		5AB24F2126310B770046B00D /* TaskTableViewCell.swift in Sources */ = {isa = PBXBuildFile; fileRef = 5AB24F2026310B770046B00D /* TaskTableViewCell.swift */; };
		5AB24F3C263614DC0046B00D /* TaskDescriptionTableViewCell.swift in Sources */ = {isa = PBXBuildFile; fileRef = 5AB24F3B263614DC0046B00D /* TaskDescriptionTableViewCell.swift */; };
		5AB24F44263615040046B00D /* DateTimeTableViewCell.swift in Sources */ = {isa = PBXBuildFile; fileRef = 5AB24F43263615040046B00D /* DateTimeTableViewCell.swift */; };
		5AFEE5BA262FAE7000BCDE0D /* AppDelegate.swift in Sources */ = {isa = PBXBuildFile; fileRef = 5AFEE5B9262FAE7000BCDE0D /* AppDelegate.swift */; };
		5AFEE5BC262FAE7000BCDE0D /* SceneDelegate.swift in Sources */ = {isa = PBXBuildFile; fileRef = 5AFEE5BB262FAE7000BCDE0D /* SceneDelegate.swift */; };
		5AFEE5C1262FAE7000BCDE0D /* Main.storyboard in Resources */ = {isa = PBXBuildFile; fileRef = 5AFEE5BF262FAE7000BCDE0D /* Main.storyboard */; };
		5AFEE5C4262FAE7000BCDE0D /* ToDoList.xcdatamodeld in Sources */ = {isa = PBXBuildFile; fileRef = 5AFEE5C2262FAE7000BCDE0D /* ToDoList.xcdatamodeld */; };
		5AFEE5C6262FAE7000BCDE0D /* Assets.xcassets in Resources */ = {isa = PBXBuildFile; fileRef = 5AFEE5C5262FAE7000BCDE0D /* Assets.xcassets */; };
		5AFEE5C9262FAE7000BCDE0D /* LaunchScreen.storyboard in Resources */ = {isa = PBXBuildFile; fileRef = 5AFEE5C7262FAE7000BCDE0D /* LaunchScreen.storyboard */; };
		5AFEE5D4262FAE7100BCDE0D /* ToDoListTests.swift in Sources */ = {isa = PBXBuildFile; fileRef = 5AFEE5D3262FAE7100BCDE0D /* ToDoListTests.swift */; };
		5AFEE5DF262FAE7100BCDE0D /* ToDoListUITests.swift in Sources */ = {isa = PBXBuildFile; fileRef = 5AFEE5DE262FAE7100BCDE0D /* ToDoListUITests.swift */; };
/* End PBXBuildFile section */

/* Begin PBXContainerItemProxy section */
		5AFEE5D0262FAE7100BCDE0D /* PBXContainerItemProxy */ = {
			isa = PBXContainerItemProxy;
			containerPortal = 5AFEE5AE262FAE6F00BCDE0D /* Project object */;
			proxyType = 1;
			remoteGlobalIDString = 5AFEE5B5262FAE7000BCDE0D;
			remoteInfo = ToDoList;
		};
		5AFEE5DB262FAE7100BCDE0D /* PBXContainerItemProxy */ = {
			isa = PBXContainerItemProxy;
			containerPortal = 5AFEE5AE262FAE6F00BCDE0D /* Project object */;
			proxyType = 1;
			remoteGlobalIDString = 5AFEE5B5262FAE7000BCDE0D;
			remoteInfo = ToDoList;
		};
/* End PBXContainerItemProxy section */

/* Begin PBXFileReference section */
		5AA32B0A263647DC00EB9C93 /* CreateTaskViewController.swift */ = {isa = PBXFileReference; lastKnownFileType = sourcecode.swift; path = CreateTaskViewController.swift; sourceTree = "<group>"; };
		5AA32B21263694E500EB9C93 /* CategoriesTableViewController.swift */ = {isa = PBXFileReference; lastKnownFileType = sourcecode.swift; path = CategoriesTableViewController.swift; sourceTree = "<group>"; };
		5AA32B272636960500EB9C93 /* CategoryRepository.swift */ = {isa = PBXFileReference; lastKnownFileType = sourcecode.swift; path = CategoryRepository.swift; sourceTree = "<group>"; };
		5AA32B2C2636A0E300EB9C93 /* TaskRepository.swift */ = {isa = PBXFileReference; lastKnownFileType = sourcecode.swift; path = TaskRepository.swift; sourceTree = "<group>"; };
		5AB24EE02630DF0A0046B00D /* TasksTableViewController.swift */ = {isa = PBXFileReference; lastKnownFileType = sourcecode.swift; path = TasksTableViewController.swift; sourceTree = "<group>"; };
		5AB24EEE2630FAF60046B00D /* Task.swift */ = {isa = PBXFileReference; lastKnownFileType = sourcecode.swift; path = Task.swift; sourceTree = "<group>"; };
		5AB24EF32630FBB70046B00D /* Category.swift */ = {isa = PBXFileReference; lastKnownFileType = sourcecode.swift; path = Category.swift; sourceTree = "<group>"; };
		5AB24F2026310B770046B00D /* TaskTableViewCell.swift */ = {isa = PBXFileReference; lastKnownFileType = sourcecode.swift; path = TaskTableViewCell.swift; sourceTree = "<group>"; };
		5AB24F3B263614DC0046B00D /* TaskDescriptionTableViewCell.swift */ = {isa = PBXFileReference; lastKnownFileType = sourcecode.swift; path = TaskDescriptionTableViewCell.swift; sourceTree = "<group>"; };
		5AB24F43263615040046B00D /* DateTimeTableViewCell.swift */ = {isa = PBXFileReference; lastKnownFileType = sourcecode.swift; path = DateTimeTableViewCell.swift; sourceTree = "<group>"; };
		5AFEE5B6262FAE7000BCDE0D /* ToDoList.app */ = {isa = PBXFileReference; explicitFileType = wrapper.application; includeInIndex = 0; path = ToDoList.app; sourceTree = BUILT_PRODUCTS_DIR; };
		5AFEE5B9262FAE7000BCDE0D /* AppDelegate.swift */ = {isa = PBXFileReference; lastKnownFileType = sourcecode.swift; path = AppDelegate.swift; sourceTree = "<group>"; };
		5AFEE5BB262FAE7000BCDE0D /* SceneDelegate.swift */ = {isa = PBXFileReference; lastKnownFileType = sourcecode.swift; path = SceneDelegate.swift; sourceTree = "<group>"; };
		5AFEE5C0262FAE7000BCDE0D /* Base */ = {isa = PBXFileReference; lastKnownFileType = file.storyboard; name = Base; path = Base.lproj/Main.storyboard; sourceTree = "<group>"; };
		5AFEE5C3262FAE7000BCDE0D /* ToDoList.xcdatamodel */ = {isa = PBXFileReference; lastKnownFileType = wrapper.xcdatamodel; path = ToDoList.xcdatamodel; sourceTree = "<group>"; };
		5AFEE5C5262FAE7000BCDE0D /* Assets.xcassets */ = {isa = PBXFileReference; lastKnownFileType = folder.assetcatalog; path = Assets.xcassets; sourceTree = "<group>"; };
		5AFEE5C8262FAE7000BCDE0D /* Base */ = {isa = PBXFileReference; lastKnownFileType = file.storyboard; name = Base; path = Base.lproj/LaunchScreen.storyboard; sourceTree = "<group>"; };
		5AFEE5CA262FAE7000BCDE0D /* Info.plist */ = {isa = PBXFileReference; lastKnownFileType = text.plist.xml; path = Info.plist; sourceTree = "<group>"; };
		5AFEE5CF262FAE7100BCDE0D /* ToDoListTests.xctest */ = {isa = PBXFileReference; explicitFileType = wrapper.cfbundle; includeInIndex = 0; path = ToDoListTests.xctest; sourceTree = BUILT_PRODUCTS_DIR; };
		5AFEE5D3262FAE7100BCDE0D /* ToDoListTests.swift */ = {isa = PBXFileReference; lastKnownFileType = sourcecode.swift; path = ToDoListTests.swift; sourceTree = "<group>"; };
		5AFEE5D5262FAE7100BCDE0D /* Info.plist */ = {isa = PBXFileReference; lastKnownFileType = text.plist.xml; path = Info.plist; sourceTree = "<group>"; };
		5AFEE5DA262FAE7100BCDE0D /* ToDoListUITests.xctest */ = {isa = PBXFileReference; explicitFileType = wrapper.cfbundle; includeInIndex = 0; path = ToDoListUITests.xctest; sourceTree = BUILT_PRODUCTS_DIR; };
		5AFEE5DE262FAE7100BCDE0D /* ToDoListUITests.swift */ = {isa = PBXFileReference; lastKnownFileType = sourcecode.swift; path = ToDoListUITests.swift; sourceTree = "<group>"; };
		5AFEE5E0262FAE7100BCDE0D /* Info.plist */ = {isa = PBXFileReference; lastKnownFileType = text.plist.xml; path = Info.plist; sourceTree = "<group>"; };
/* End PBXFileReference section */

/* Begin PBXFrameworksBuildPhase section */
		5AFEE5B3262FAE7000BCDE0D /* Frameworks */ = {
			isa = PBXFrameworksBuildPhase;
			buildActionMask = 2147483647;
			files = (
			);
			runOnlyForDeploymentPostprocessing = 0;
		};
		5AFEE5CC262FAE7100BCDE0D /* Frameworks */ = {
			isa = PBXFrameworksBuildPhase;
			buildActionMask = 2147483647;
			files = (
			);
			runOnlyForDeploymentPostprocessing = 0;
		};
		5AFEE5D7262FAE7100BCDE0D /* Frameworks */ = {
			isa = PBXFrameworksBuildPhase;
			buildActionMask = 2147483647;
			files = (
			);
			runOnlyForDeploymentPostprocessing = 0;
		};
/* End PBXFrameworksBuildPhase section */

/* Begin PBXGroup section */
		5AA32B26263695D900EB9C93 /* Repositories */ = {
			isa = PBXGroup;
			children = (
				5AA32B272636960500EB9C93 /* CategoryRepository.swift */,
				5AA32B2C2636A0E300EB9C93 /* TaskRepository.swift */,
			);
			path = Repositories;
			sourceTree = "<group>";
		};
		5AB24EDF2630DEAF0046B00D /* Controllers */ = {
			isa = PBXGroup;
			children = (
				5AB24EE02630DF0A0046B00D /* TasksTableViewController.swift */,
				5AA32B0A263647DC00EB9C93 /* CreateTaskViewController.swift */,
				5AA32B21263694E500EB9C93 /* CategoriesTableViewController.swift */,
				5AB24EF8263100AD0046B00D /* Cells */,
			);
			path = Controllers;
			sourceTree = "<group>";
		};
		5AB24EED2630FA770046B00D /* Models */ = {
			isa = PBXGroup;
			children = (
				5AB24EEE2630FAF60046B00D /* Task.swift */,
				5AB24EF32630FBB70046B00D /* Category.swift */,
			);
			path = Models;
			sourceTree = "<group>";
		};
		5AB24EF8263100AD0046B00D /* Cells */ = {
			isa = PBXGroup;
			children = (
				5AB24F2026310B770046B00D /* TaskTableViewCell.swift */,
				5AB24F3B263614DC0046B00D /* TaskDescriptionTableViewCell.swift */,
				5AB24F43263615040046B00D /* DateTimeTableViewCell.swift */,
			);
			path = Cells;
			sourceTree = "<group>";
		};
		5AFEE5AD262FAE6F00BCDE0D = {
			isa = PBXGroup;
			children = (
				5AFEE5B8262FAE7000BCDE0D /* ToDoList */,
				5AFEE5D2262FAE7100BCDE0D /* ToDoListTests */,
				5AFEE5DD262FAE7100BCDE0D /* ToDoListUITests */,
				5AFEE5B7262FAE7000BCDE0D /* Products */,
			);
			sourceTree = "<group>";
		};
		5AFEE5B7262FAE7000BCDE0D /* Products */ = {
			isa = PBXGroup;
			children = (
				5AFEE5B6262FAE7000BCDE0D /* ToDoList.app */,
				5AFEE5CF262FAE7100BCDE0D /* ToDoListTests.xctest */,
				5AFEE5DA262FAE7100BCDE0D /* ToDoListUITests.xctest */,
			);
			name = Products;
			sourceTree = "<group>";
		};
		5AFEE5B8262FAE7000BCDE0D /* ToDoList */ = {
			isa = PBXGroup;
			children = (
				5AA32B26263695D900EB9C93 /* Repositories */,
				5AB24EED2630FA770046B00D /* Models */,
				5AB24EDF2630DEAF0046B00D /* Controllers */,
				5AFEE5B9262FAE7000BCDE0D /* AppDelegate.swift */,
				5AFEE5BB262FAE7000BCDE0D /* SceneDelegate.swift */,
				5AFEE5BF262FAE7000BCDE0D /* Main.storyboard */,
				5AFEE5C5262FAE7000BCDE0D /* Assets.xcassets */,
				5AFEE5C7262FAE7000BCDE0D /* LaunchScreen.storyboard */,
				5AFEE5CA262FAE7000BCDE0D /* Info.plist */,
				5AFEE5C2262FAE7000BCDE0D /* ToDoList.xcdatamodeld */,
			);
			path = ToDoList;
			sourceTree = "<group>";
		};
		5AFEE5D2262FAE7100BCDE0D /* ToDoListTests */ = {
			isa = PBXGroup;
			children = (
				5AFEE5D3262FAE7100BCDE0D /* ToDoListTests.swift */,
				5AFEE5D5262FAE7100BCDE0D /* Info.plist */,
			);
			path = ToDoListTests;
			sourceTree = "<group>";
		};
		5AFEE5DD262FAE7100BCDE0D /* ToDoListUITests */ = {
			isa = PBXGroup;
			children = (
				5AFEE5DE262FAE7100BCDE0D /* ToDoListUITests.swift */,
				5AFEE5E0262FAE7100BCDE0D /* Info.plist */,
			);
			path = ToDoListUITests;
			sourceTree = "<group>";
		};
/* End PBXGroup section */

/* Begin PBXNativeTarget section */
		5AFEE5B5262FAE7000BCDE0D /* ToDoList */ = {
			isa = PBXNativeTarget;
			buildConfigurationList = 5AFEE5E3262FAE7100BCDE0D /* Build configuration list for PBXNativeTarget "ToDoList" */;
			buildPhases = (
				5AFEE5B2262FAE7000BCDE0D /* Sources */,
				5AFEE5B3262FAE7000BCDE0D /* Frameworks */,
				5AFEE5B4262FAE7000BCDE0D /* Resources */,
			);
			buildRules = (
			);
			dependencies = (
			);
			name = ToDoList;
			productName = ToDoList;
			productReference = 5AFEE5B6262FAE7000BCDE0D /* ToDoList.app */;
			productType = "com.apple.product-type.application";
		};
		5AFEE5CE262FAE7100BCDE0D /* ToDoListTests */ = {
			isa = PBXNativeTarget;
			buildConfigurationList = 5AFEE5E6262FAE7100BCDE0D /* Build configuration list for PBXNativeTarget "ToDoListTests" */;
			buildPhases = (
				5AFEE5CB262FAE7100BCDE0D /* Sources */,
				5AFEE5CC262FAE7100BCDE0D /* Frameworks */,
				5AFEE5CD262FAE7100BCDE0D /* Resources */,
			);
			buildRules = (
			);
			dependencies = (
				5AFEE5D1262FAE7100BCDE0D /* PBXTargetDependency */,
			);
			name = ToDoListTests;
			productName = ToDoListTests;
			productReference = 5AFEE5CF262FAE7100BCDE0D /* ToDoListTests.xctest */;
			productType = "com.apple.product-type.bundle.unit-test";
		};
		5AFEE5D9262FAE7100BCDE0D /* ToDoListUITests */ = {
			isa = PBXNativeTarget;
			buildConfigurationList = 5AFEE5E9262FAE7100BCDE0D /* Build configuration list for PBXNativeTarget "ToDoListUITests" */;
			buildPhases = (
				5AFEE5D6262FAE7100BCDE0D /* Sources */,
				5AFEE5D7262FAE7100BCDE0D /* Frameworks */,
				5AFEE5D8262FAE7100BCDE0D /* Resources */,
			);
			buildRules = (
			);
			dependencies = (
				5AFEE5DC262FAE7100BCDE0D /* PBXTargetDependency */,
			);
			name = ToDoListUITests;
			productName = ToDoListUITests;
			productReference = 5AFEE5DA262FAE7100BCDE0D /* ToDoListUITests.xctest */;
			productType = "com.apple.product-type.bundle.ui-testing";
		};
/* End PBXNativeTarget section */

/* Begin PBXProject section */
		5AFEE5AE262FAE6F00BCDE0D /* Project object */ = {
			isa = PBXProject;
			attributes = {
				LastSwiftUpdateCheck = 1240;
				LastUpgradeCheck = 1240;
				TargetAttributes = {
					5AFEE5B5262FAE7000BCDE0D = {
						CreatedOnToolsVersion = 12.4;
					};
					5AFEE5CE262FAE7100BCDE0D = {
						CreatedOnToolsVersion = 12.4;
						TestTargetID = 5AFEE5B5262FAE7000BCDE0D;
					};
					5AFEE5D9262FAE7100BCDE0D = {
						CreatedOnToolsVersion = 12.4;
						TestTargetID = 5AFEE5B5262FAE7000BCDE0D;
					};
				};
			};
			buildConfigurationList = 5AFEE5B1262FAE6F00BCDE0D /* Build configuration list for PBXProject "ToDoList" */;
			compatibilityVersion = "Xcode 9.3";
			developmentRegion = en;
			hasScannedForEncodings = 0;
			knownRegions = (
				en,
				Base,
			);
			mainGroup = 5AFEE5AD262FAE6F00BCDE0D;
			productRefGroup = 5AFEE5B7262FAE7000BCDE0D /* Products */;
			projectDirPath = "";
			projectRoot = "";
			targets = (
				5AFEE5B5262FAE7000BCDE0D /* ToDoList */,
				5AFEE5CE262FAE7100BCDE0D /* ToDoListTests */,
				5AFEE5D9262FAE7100BCDE0D /* ToDoListUITests */,
			);
		};
/* End PBXProject section */

/* Begin PBXResourcesBuildPhase section */
		5AFEE5B4262FAE7000BCDE0D /* Resources */ = {
			isa = PBXResourcesBuildPhase;
			buildActionMask = 2147483647;
			files = (
				5AFEE5C9262FAE7000BCDE0D /* LaunchScreen.storyboard in Resources */,
				5AFEE5C6262FAE7000BCDE0D /* Assets.xcassets in Resources */,
				5AFEE5C1262FAE7000BCDE0D /* Main.storyboard in Resources */,
			);
			runOnlyForDeploymentPostprocessing = 0;
		};
		5AFEE5CD262FAE7100BCDE0D /* Resources */ = {
			isa = PBXResourcesBuildPhase;
			buildActionMask = 2147483647;
			files = (
			);
			runOnlyForDeploymentPostprocessing = 0;
		};
		5AFEE5D8262FAE7100BCDE0D /* Resources */ = {
			isa = PBXResourcesBuildPhase;
			buildActionMask = 2147483647;
			files = (
			);
			runOnlyForDeploymentPostprocessing = 0;
		};
/* End PBXResourcesBuildPhase section */

/* Begin PBXSourcesBuildPhase section */
		5AFEE5B2262FAE7000BCDE0D /* Sources */ = {
			isa = PBXSourcesBuildPhase;
			buildActionMask = 2147483647;
			files = (
				5AB24F3C263614DC0046B00D /* TaskDescriptionTableViewCell.swift in Sources */,
				5AB24F2126310B770046B00D /* TaskTableViewCell.swift in Sources */,
				5AA32B0B263647DC00EB9C93 /* CreateTaskViewController.swift in Sources */,
				5AFEE5BA262FAE7000BCDE0D /* AppDelegate.swift in Sources */,
				5AFEE5BC262FAE7000BCDE0D /* SceneDelegate.swift in Sources */,
				5AA32B22263694E500EB9C93 /* CategoriesTableViewController.swift in Sources */,
				5AB24F44263615040046B00D /* DateTimeTableViewCell.swift in Sources */,
				5AB24EEF2630FAF60046B00D /* Task.swift in Sources */,
				5AB24EE22630DF0A0046B00D /* TasksTableViewController.swift in Sources */,
				5AA32B2D2636A0E300EB9C93 /* TaskRepository.swift in Sources */,
				5AA32B282636960500EB9C93 /* CategoryRepository.swift in Sources */,
				5AFEE5C4262FAE7000BCDE0D /* ToDoList.xcdatamodeld in Sources */,
				5AB24EF42630FBB70046B00D /* Category.swift in Sources */,
			);
			runOnlyForDeploymentPostprocessing = 0;
		};
		5AFEE5CB262FAE7100BCDE0D /* Sources */ = {
			isa = PBXSourcesBuildPhase;
			buildActionMask = 2147483647;
			files = (
				5AFEE5D4262FAE7100BCDE0D /* ToDoListTests.swift in Sources */,
			);
			runOnlyForDeploymentPostprocessing = 0;
		};
		5AFEE5D6262FAE7100BCDE0D /* Sources */ = {
			isa = PBXSourcesBuildPhase;
			buildActionMask = 2147483647;
			files = (
				5AFEE5DF262FAE7100BCDE0D /* ToDoListUITests.swift in Sources */,
			);
			runOnlyForDeploymentPostprocessing = 0;
		};
/* End PBXSourcesBuildPhase section */

/* Begin PBXTargetDependency section */
		5AFEE5D1262FAE7100BCDE0D /* PBXTargetDependency */ = {
			isa = PBXTargetDependency;
			target = 5AFEE5B5262FAE7000BCDE0D /* ToDoList */;
			targetProxy = 5AFEE5D0262FAE7100BCDE0D /* PBXContainerItemProxy */;
		};
		5AFEE5DC262FAE7100BCDE0D /* PBXTargetDependency */ = {
			isa = PBXTargetDependency;
			target = 5AFEE5B5262FAE7000BCDE0D /* ToDoList */;
			targetProxy = 5AFEE5DB262FAE7100BCDE0D /* PBXContainerItemProxy */;
		};
/* End PBXTargetDependency section */

/* Begin PBXVariantGroup section */
		5AFEE5BF262FAE7000BCDE0D /* Main.storyboard */ = {
			isa = PBXVariantGroup;
			children = (
				5AFEE5C0262FAE7000BCDE0D /* Base */,
			);
			name = Main.storyboard;
			sourceTree = "<group>";
		};
		5AFEE5C7262FAE7000BCDE0D /* LaunchScreen.storyboard */ = {
			isa = PBXVariantGroup;
			children = (
				5AFEE5C8262FAE7000BCDE0D /* Base */,
			);
			name = LaunchScreen.storyboard;
			sourceTree = "<group>";
		};
/* End PBXVariantGroup section */

/* Begin XCBuildConfiguration section */
		5AFEE5E1262FAE7100BCDE0D /* Debug */ = {
			isa = XCBuildConfiguration;
			buildSettings = {
				ALWAYS_SEARCH_USER_PATHS = NO;
				CLANG_ANALYZER_NONNULL = YES;
				CLANG_ANALYZER_NUMBER_OBJECT_CONVERSION = YES_AGGRESSIVE;
				CLANG_CXX_LANGUAGE_STANDARD = "gnu++14";
				CLANG_CXX_LIBRARY = "libc++";
				CLANG_ENABLE_MODULES = YES;
				CLANG_ENABLE_OBJC_ARC = YES;
				CLANG_ENABLE_OBJC_WEAK = YES;
				CLANG_WARN_BLOCK_CAPTURE_AUTORELEASING = YES;
				CLANG_WARN_BOOL_CONVERSION = YES;
				CLANG_WARN_COMMA = YES;
				CLANG_WARN_CONSTANT_CONVERSION = YES;
				CLANG_WARN_DEPRECATED_OBJC_IMPLEMENTATIONS = YES;
				CLANG_WARN_DIRECT_OBJC_ISA_USAGE = YES_ERROR;
				CLANG_WARN_DOCUMENTATION_COMMENTS = YES;
				CLANG_WARN_EMPTY_BODY = YES;
				CLANG_WARN_ENUM_CONVERSION = YES;
				CLANG_WARN_INFINITE_RECURSION = YES;
				CLANG_WARN_INT_CONVERSION = YES;
				CLANG_WARN_NON_LITERAL_NULL_CONVERSION = YES;
				CLANG_WARN_OBJC_IMPLICIT_RETAIN_SELF = YES;
				CLANG_WARN_OBJC_LITERAL_CONVERSION = YES;
				CLANG_WARN_OBJC_ROOT_CLASS = YES_ERROR;
				CLANG_WARN_QUOTED_INCLUDE_IN_FRAMEWORK_HEADER = YES;
				CLANG_WARN_RANGE_LOOP_ANALYSIS = YES;
				CLANG_WARN_STRICT_PROTOTYPES = YES;
				CLANG_WARN_SUSPICIOUS_MOVE = YES;
				CLANG_WARN_UNGUARDED_AVAILABILITY = YES_AGGRESSIVE;
				CLANG_WARN_UNREACHABLE_CODE = YES;
				CLANG_WARN__DUPLICATE_METHOD_MATCH = YES;
				COPY_PHASE_STRIP = NO;
				DEBUG_INFORMATION_FORMAT = dwarf;
				ENABLE_STRICT_OBJC_MSGSEND = YES;
				ENABLE_TESTABILITY = YES;
				GCC_C_LANGUAGE_STANDARD = gnu11;
				GCC_DYNAMIC_NO_PIC = NO;
				GCC_NO_COMMON_BLOCKS = YES;
				GCC_OPTIMIZATION_LEVEL = 0;
				GCC_PREPROCESSOR_DEFINITIONS = (
					"DEBUG=1",
					"$(inherited)",
				);
				GCC_WARN_64_TO_32_BIT_CONVERSION = YES;
				GCC_WARN_ABOUT_RETURN_TYPE = YES_ERROR;
				GCC_WARN_UNDECLARED_SELECTOR = YES;
				GCC_WARN_UNINITIALIZED_AUTOS = YES_AGGRESSIVE;
				GCC_WARN_UNUSED_FUNCTION = YES;
				GCC_WARN_UNUSED_VARIABLE = YES;
				IPHONEOS_DEPLOYMENT_TARGET = 14.4;
				MTL_ENABLE_DEBUG_INFO = INCLUDE_SOURCE;
				MTL_FAST_MATH = YES;
				ONLY_ACTIVE_ARCH = YES;
				SDKROOT = iphoneos;
				SWIFT_ACTIVE_COMPILATION_CONDITIONS = DEBUG;
				SWIFT_OPTIMIZATION_LEVEL = "-Onone";
			};
			name = Debug;
		};
		5AFEE5E2262FAE7100BCDE0D /* Release */ = {
			isa = XCBuildConfiguration;
			buildSettings = {
				ALWAYS_SEARCH_USER_PATHS = NO;
				CLANG_ANALYZER_NONNULL = YES;
				CLANG_ANALYZER_NUMBER_OBJECT_CONVERSION = YES_AGGRESSIVE;
				CLANG_CXX_LANGUAGE_STANDARD = "gnu++14";
				CLANG_CXX_LIBRARY = "libc++";
				CLANG_ENABLE_MODULES = YES;
				CLANG_ENABLE_OBJC_ARC = YES;
				CLANG_ENABLE_OBJC_WEAK = YES;
				CLANG_WARN_BLOCK_CAPTURE_AUTORELEASING = YES;
				CLANG_WARN_BOOL_CONVERSION = YES;
				CLANG_WARN_COMMA = YES;
				CLANG_WARN_CONSTANT_CONVERSION = YES;
				CLANG_WARN_DEPRECATED_OBJC_IMPLEMENTATIONS = YES;
				CLANG_WARN_DIRECT_OBJC_ISA_USAGE = YES_ERROR;
				CLANG_WARN_DOCUMENTATION_COMMENTS = YES;
				CLANG_WARN_EMPTY_BODY = YES;
				CLANG_WARN_ENUM_CONVERSION = YES;
				CLANG_WARN_INFINITE_RECURSION = YES;
				CLANG_WARN_INT_CONVERSION = YES;
				CLANG_WARN_NON_LITERAL_NULL_CONVERSION = YES;
				CLANG_WARN_OBJC_IMPLICIT_RETAIN_SELF = YES;
				CLANG_WARN_OBJC_LITERAL_CONVERSION = YES;
				CLANG_WARN_OBJC_ROOT_CLASS = YES_ERROR;
				CLANG_WARN_QUOTED_INCLUDE_IN_FRAMEWORK_HEADER = YES;
				CLANG_WARN_RANGE_LOOP_ANALYSIS = YES;
				CLANG_WARN_STRICT_PROTOTYPES = YES;
				CLANG_WARN_SUSPICIOUS_MOVE = YES;
				CLANG_WARN_UNGUARDED_AVAILABILITY = YES_AGGRESSIVE;
				CLANG_WARN_UNREACHABLE_CODE = YES;
				CLANG_WARN__DUPLICATE_METHOD_MATCH = YES;
				COPY_PHASE_STRIP = NO;
				DEBUG_INFORMATION_FORMAT = "dwarf-with-dsym";
				ENABLE_NS_ASSERTIONS = NO;
				ENABLE_STRICT_OBJC_MSGSEND = YES;
				GCC_C_LANGUAGE_STANDARD = gnu11;
				GCC_NO_COMMON_BLOCKS = YES;
				GCC_WARN_64_TO_32_BIT_CONVERSION = YES;
				GCC_WARN_ABOUT_RETURN_TYPE = YES_ERROR;
				GCC_WARN_UNDECLARED_SELECTOR = YES;
				GCC_WARN_UNINITIALIZED_AUTOS = YES_AGGRESSIVE;
				GCC_WARN_UNUSED_FUNCTION = YES;
				GCC_WARN_UNUSED_VARIABLE = YES;
				IPHONEOS_DEPLOYMENT_TARGET = 14.4;
				MTL_ENABLE_DEBUG_INFO = NO;
				MTL_FAST_MATH = YES;
				SDKROOT = iphoneos;
				SWIFT_COMPILATION_MODE = wholemodule;
				SWIFT_OPTIMIZATION_LEVEL = "-O";
				VALIDATE_PRODUCT = YES;
			};
			name = Release;
		};
		5AFEE5E4262FAE7100BCDE0D /* Debug */ = {
			isa = XCBuildConfiguration;
			buildSettings = {
				ASSETCATALOG_COMPILER_APPICON_NAME = AppIcon;
				ASSETCATALOG_COMPILER_GLOBAL_ACCENT_COLOR_NAME = AccentColor;
				CODE_SIGN_STYLE = Automatic;
				INFOPLIST_FILE = ToDoList/Info.plist;
				LD_RUNPATH_SEARCH_PATHS = (
					"$(inherited)",
					"@executable_path/Frameworks",
				);
				PRODUCT_BUNDLE_IDENTIFIER = "Digital-Innovation-One.ToDoList";
				PRODUCT_NAME = "$(TARGET_NAME)";
				SWIFT_VERSION = 5.0;
				TARGETED_DEVICE_FAMILY = "1,2";
			};
			name = Debug;
		};
		5AFEE5E5262FAE7100BCDE0D /* Release */ = {
			isa = XCBuildConfiguration;
			buildSettings = {
				ASSETCATALOG_COMPILER_APPICON_NAME = AppIcon;
				ASSETCATALOG_COMPILER_GLOBAL_ACCENT_COLOR_NAME = AccentColor;
				CODE_SIGN_STYLE = Automatic;
				INFOPLIST_FILE = ToDoList/Info.plist;
				LD_RUNPATH_SEARCH_PATHS = (
					"$(inherited)",
					"@executable_path/Frameworks",
				);
				PRODUCT_BUNDLE_IDENTIFIER = "Digital-Innovation-One.ToDoList";
				PRODUCT_NAME = "$(TARGET_NAME)";
				SWIFT_VERSION = 5.0;
				TARGETED_DEVICE_FAMILY = "1,2";
			};
			name = Release;
		};
		5AFEE5E7262FAE7100BCDE0D /* Debug */ = {
			isa = XCBuildConfiguration;
			buildSettings = {
				ALWAYS_EMBED_SWIFT_STANDARD_LIBRARIES = YES;
				BUNDLE_LOADER = "$(TEST_HOST)";
				CODE_SIGN_STYLE = Automatic;
				INFOPLIST_FILE = ToDoListTests/Info.plist;
				IPHONEOS_DEPLOYMENT_TARGET = 14.4;
				LD_RUNPATH_SEARCH_PATHS = (
					"$(inherited)",
					"@executable_path/Frameworks",
					"@loader_path/Frameworks",
				);
				PRODUCT_BUNDLE_IDENTIFIER = "Digital-Innovation-One.ToDoListTests";
				PRODUCT_NAME = "$(TARGET_NAME)";
				SWIFT_VERSION = 5.0;
				TARGETED_DEVICE_FAMILY = "1,2";
				TEST_HOST = "$(BUILT_PRODUCTS_DIR)/ToDoList.app/ToDoList";
			};
			name = Debug;
		};
		5AFEE5E8262FAE7100BCDE0D /* Release */ = {
			isa = XCBuildConfiguration;
			buildSettings = {
				ALWAYS_EMBED_SWIFT_STANDARD_LIBRARIES = YES;
				BUNDLE_LOADER = "$(TEST_HOST)";
				CODE_SIGN_STYLE = Automatic;
				INFOPLIST_FILE = ToDoListTests/Info.plist;
				IPHONEOS_DEPLOYMENT_TARGET = 14.4;
				LD_RUNPATH_SEARCH_PATHS = (
					"$(inherited)",
					"@executable_path/Frameworks",
					"@loader_path/Frameworks",
				);
				PRODUCT_BUNDLE_IDENTIFIER = "Digital-Innovation-One.ToDoListTests";
				PRODUCT_NAME = "$(TARGET_NAME)";
				SWIFT_VERSION = 5.0;
				TARGETED_DEVICE_FAMILY = "1,2";
				TEST_HOST = "$(BUILT_PRODUCTS_DIR)/ToDoList.app/ToDoList";
			};
			name = Release;
		};
		5AFEE5EA262FAE7100BCDE0D /* Debug */ = {
			isa = XCBuildConfiguration;
			buildSettings = {
				ALWAYS_EMBED_SWIFT_STANDARD_LIBRARIES = YES;
				CODE_SIGN_STYLE = Automatic;
				INFOPLIST_FILE = ToDoListUITests/Info.plist;
				LD_RUNPATH_SEARCH_PATHS = (
					"$(inherited)",
					"@executable_path/Frameworks",
					"@loader_path/Frameworks",
				);
				PRODUCT_BUNDLE_IDENTIFIER = "Digital-Innovation-One.ToDoListUITests";
				PRODUCT_NAME = "$(TARGET_NAME)";
				SWIFT_VERSION = 5.0;
				TARGETED_DEVICE_FAMILY = "1,2";
				TEST_TARGET_NAME = ToDoList;
			};
			name = Debug;
		};
		5AFEE5EB262FAE7100BCDE0D /* Release */ = {
			isa = XCBuildConfiguration;
			buildSettings = {
				ALWAYS_EMBED_SWIFT_STANDARD_LIBRARIES = YES;
				CODE_SIGN_STYLE = Automatic;
				INFOPLIST_FILE = ToDoListUITests/Info.plist;
				LD_RUNPATH_SEARCH_PATHS = (
					"$(inherited)",
					"@executable_path/Frameworks",
					"@loader_path/Frameworks",
				);
				PRODUCT_BUNDLE_IDENTIFIER = "Digital-Innovation-One.ToDoListUITests";
				PRODUCT_NAME = "$(TARGET_NAME)";
				SWIFT_VERSION = 5.0;
				TARGETED_DEVICE_FAMILY = "1,2";
				TEST_TARGET_NAME = ToDoList;
			};
			name = Release;
		};
/* End XCBuildConfiguration section */

/* Begin XCConfigurationList section */
		5AFEE5B1262FAE6F00BCDE0D /* Build configuration list for PBXProject "ToDoList" */ = {
			isa = XCConfigurationList;
			buildConfigurations = (
				5AFEE5E1262FAE7100BCDE0D /* Debug */,
				5AFEE5E2262FAE7100BCDE0D /* Release */,
			);
			defaultConfigurationIsVisible = 0;
			defaultConfigurationName = Release;
		};
		5AFEE5E3262FAE7100BCDE0D /* Build configuration list for PBXNativeTarget "ToDoList" */ = {
			isa = XCConfigurationList;
			buildConfigurations = (
				5AFEE5E4262FAE7100BCDE0D /* Debug */,
				5AFEE5E5262FAE7100BCDE0D /* Release */,
			);
			defaultConfigurationIsVisible = 0;
			defaultConfigurationName = Release;
		};
		5AFEE5E6262FAE7100BCDE0D /* Build configuration list for PBXNativeTarget "ToDoListTests" */ = {
			isa = XCConfigurationList;
			buildConfigurations = (
				5AFEE5E7262FAE7100BCDE0D /* Debug */,
				5AFEE5E8262FAE7100BCDE0D /* Release */,
			);
			defaultConfigurationIsVisible = 0;
			defaultConfigurationName = Release;
		};
		5AFEE5E9262FAE7100BCDE0D /* Build configuration list for PBXNativeTarget "ToDoListUITests" */ = {
			isa = XCConfigurationList;
			buildConfigurations = (
				5AFEE5EA262FAE7100BCDE0D /* Debug */,
				5AFEE5EB262FAE7100BCDE0D /* Release */,
			);
			defaultConfigurationIsVisible = 0;
			defaultConfigurationName = Release;
		};
/* End XCConfigurationList section */

/* Begin XCVersionGroup section */
		5AFEE5C2262FAE7000BCDE0D /* ToDoList.xcdatamodeld */ = {
			isa = XCVersionGroup;
			children = (
				5AFEE5C3262FAE7000BCDE0D /* ToDoList.xcdatamodel */,
			);
			currentVersion = 5AFEE5C3262FAE7000BCDE0D /* ToDoList.xcdatamodel */;
			path = ToDoList.xcdatamodeld;
			sourceTree = "<group>";
			versionGroupType = wrapper.xcdatamodel;
		};
/* End XCVersionGroup section */
	};
	rootObject = 5AFEE5AE262FAE6F00BCDE0D /* Project object */;
}
